
Microsoft Visual Studio Solution File, Format Version 12.00
# Visual Studio 2012
Project("{FAE04EC0-301F-11D3-BF4B-00C04F79EFBC}") = "SetStandardBrowser", "Source\SetStandardBrowser\SetStandardBrowser.csproj", "{31D5CB02-EE5A-4F00-9AAC-3C9EE07FFD62}"
EndProject
Project("{FAE04EC0-301F-11D3-BF4B-00C04F79EFBC}") = "View", "Source\View\View.csproj", "{C2C8DA0E-EEE1-4C47-9C94-72464DA95121}"
EndProject
Global
	GlobalSection(SolutionConfigurationPlatforms) = preSolution
		Debug|Any CPU = Debug|Any CPU
		Release|Any CPU = Release|Any CPU
	EndGlobalSection
	GlobalSection(ProjectConfigurationPlatforms) = postSolution
		{31D5CB02-EE5A-4F00-9AAC-3C9EE07FFD62}.Debug|Any CPU.ActiveCfg = Debug|Any CPU
		{31D5CB02-EE5A-4F00-9AAC-3C9EE07FFD62}.Debug|Any CPU.Build.0 = Debug|Any CPU
		{31D5CB02-EE5A-4F00-9AAC-3C9EE07FFD62}.Release|Any CPU.ActiveCfg = Release|Any CPU
		{31D5CB02-EE5A-4F00-9AAC-3C9EE07FFD62}.Release|Any CPU.Build.0 = Release|Any CPU
		{C2C8DA0E-EEE1-4C47-9C94-72464DA95121}.Debug|Any CPU.ActiveCfg = Debug|Any CPU
		{C2C8DA0E-EEE1-4C47-9C94-72464DA95121}.Debug|Any CPU.Build.0 = Debug|Any CPU
		{C2C8DA0E-EEE1-4C47-9C94-72464DA95121}.Release|Any CPU.ActiveCfg = Release|Any CPU
		{C2C8DA0E-EEE1-4C47-9C94-72464DA95121}.Release|Any CPU.Build.0 = Release|Any CPU
	EndGlobalSection
	GlobalSection(SolutionProperties) = preSolution
		HideSolutionNode = FALSE
	EndGlobalSection
EndGlobal
